
Microsoft Visual Studio Solution File, Format Version 12.00
# Visual Studio Version 17
VisualStudioVersion = 17.4.33403.182
MinimumVisualStudioVersion = 10.0.40219.1
Project("{FAE04EC0-301F-11D3-BF4B-00C04F79EFBC}") = "Lab2", "Lab2\Lab2.csproj", "{AB135C1A-DF93-4E3B-85D8-67D997DEAA8E}"
EndProject
Global
	GlobalSection(SolutionConfigurationPlatforms) = preSolution
		Debug|Any CPU = Debug|Any CPU
		Release|Any CPU = Release|Any CPU
	EndGlobalSection
	GlobalSection(ProjectConfigurationPlatforms) = postSolution
		{AB135C1A-DF93-4E3B-85D8-67D997DEAA8E}.Debug|Any CPU.ActiveCfg = Debug|Any CPU
		{AB135C1A-DF93-4E3B-85D8-67D997DEAA8E}.Debug|Any CPU.Build.0 = Debug|Any CPU
		{AB135C1A-DF93-4E3B-85D8-67D997DEAA8E}.Release|Any CPU.ActiveCfg = Release|Any CPU
		{AB135C1A-DF93-4E3B-85D8-67D997DEAA8E}.Release|Any CPU.Build.0 = Release|Any CPU
	EndGlobalSection
	GlobalSection(SolutionProperties) = preSolution
		HideSolutionNode = FALSE
	EndGlobalSection
	GlobalSection(ExtensibilityGlobals) = postSolution
		SolutionGuid = {A252EF37-BBD0-40B4-989D-06B2C557FFC9}
	EndGlobalSection
EndGlobal
